
Microsoft Visual Studio Solution File, Format Version 12.00
# Visual Studio Version 16
VisualStudioVersion = 16.0.31729.503
MinimumVisualStudioVersion = 10.0.40219.1
Project("{FAE04EC0-301F-11D3-BF4B-00C04F79EFBC}") = "Modifiers", "Modifiers\Modifiers.csproj", "{3EA137C6-B357-49BA-BB77-634253DD72A5}"
EndProject
Global
	GlobalSection(SolutionConfigurationPlatforms) = preSolution
		Debug|Any CPU = Debug|Any CPU
		Release|Any CPU = Release|Any CPU
	EndGlobalSection
	GlobalSection(ProjectConfigurationPlatforms) = postSolution
		{3EA137C6-B357-49BA-BB77-634253DD72A5}.Debug|Any CPU.ActiveCfg = Debug|Any CPU
		{3EA137C6-B357-49BA-BB77-634253DD72A5}.Debug|Any CPU.Build.0 = Debug|Any CPU
		{3EA137C6-B357-49BA-BB77-634253DD72A5}.Release|Any CPU.ActiveCfg = Release|Any CPU
		{3EA137C6-B357-49BA-BB77-634253DD72A5}.Release|Any CPU.Build.0 = Release|Any CPU
	EndGlobalSection
	GlobalSection(SolutionProperties) = preSolution
		HideSolutionNode = FALSE
	EndGlobalSection
	GlobalSection(ExtensibilityGlobals) = postSolution
		SolutionGuid = {677F88F2-1703-46FF-B460-A8A2B0EF139D}
	EndGlobalSection
EndGlobal
